{
  "name": "smart-contracts",
  "lockfileVersion": 3,
  "requires": true,
  "packages": {
    "": {
      "dependencies": {
        "@axelar-network/axelar-gmp-sdk-solidity": "^6.0.6"
      }
    },
    "node_modules/@axelar-network/axelar-gmp-sdk-solidity": {
      "version": "6.0.6",
      "resolved": "https://registry.npmjs.org/@axelar-network/axelar-gmp-sdk-solidity/-/axelar-gmp-sdk-solidity-6.0.6.tgz",
      "integrity": "sha512-XIcDlr1HoYSqcxuvvusILmiqerh2bL9NJLwU4lFBAJK5E/st/q3Em9ropBBZML9iuUZ+hDsch8Ev9rMO+ulaSQ==",
      "license": "MIT",
      "engines": {
        "node": ">=18"
      }
    }
  }
}
